
Microsoft Visual Studio Solution File, Format Version 12.00
# Visual Studio Version 16
VisualStudioVersion = 16.0.30204.135
MinimumVisualStudioVersion = 10.0.40219.1
Project("{FAE04EC0-301F-11D3-BF4B-00C04F79EFBC}") = "SmokiIDzikieWeze.BL", "SmokiIDzikieWeze\SmokiIDzikieWeze.BL.csproj", "{3B43A15A-231F-442F-89D3-6C361DAC3AAF}"
EndProject
Project("{FAE04EC0-301F-11D3-BF4B-00C04F79EFBC}") = "SmokiIDzikieWeze.UI", "SmokiIDzikieWeze.UI\SmokiIDzikieWeze.UI.csproj", "{BC8F7D90-EA89-486E-A53A-E0F8928EA037}"
EndProject
Project("{2150E333-8FDC-42A3-9474-1A3956D46DE8}") = "Resources", "Resources", "{56E15C1E-5F90-4ADB-ABB9-1793AA064E40}"
	ProjectSection(SolutionItems) = preProject
		CustomersDb.xml = CustomersDb.xml
		ProductsDb.xml = ProductsDb.xml
	EndProjectSection
EndProject
Global
	GlobalSection(SolutionConfigurationPlatforms) = preSolution
		Debug|Any CPU = Debug|Any CPU
		Release|Any CPU = Release|Any CPU
	EndGlobalSection
	GlobalSection(ProjectConfigurationPlatforms) = postSolution
		{3B43A15A-231F-442F-89D3-6C361DAC3AAF}.Debug|Any CPU.ActiveCfg = Debug|Any CPU
		{3B43A15A-231F-442F-89D3-6C361DAC3AAF}.Debug|Any CPU.Build.0 = Debug|Any CPU
		{3B43A15A-231F-442F-89D3-6C361DAC3AAF}.Release|Any CPU.ActiveCfg = Release|Any CPU
		{3B43A15A-231F-442F-89D3-6C361DAC3AAF}.Release|Any CPU.Build.0 = Release|Any CPU
		{BC8F7D90-EA89-486E-A53A-E0F8928EA037}.Debug|Any CPU.ActiveCfg = Debug|Any CPU
		{BC8F7D90-EA89-486E-A53A-E0F8928EA037}.Debug|Any CPU.Build.0 = Debug|Any CPU
		{BC8F7D90-EA89-486E-A53A-E0F8928EA037}.Release|Any CPU.ActiveCfg = Release|Any CPU
		{BC8F7D90-EA89-486E-A53A-E0F8928EA037}.Release|Any CPU.Build.0 = Release|Any CPU
	EndGlobalSection
	GlobalSection(SolutionProperties) = preSolution
		HideSolutionNode = FALSE
	EndGlobalSection
	GlobalSection(ExtensibilityGlobals) = postSolution
		SolutionGuid = {A0406963-8E07-4F44-B839-6F95EEAA435F}
	EndGlobalSection
EndGlobal
